
Microsoft Visual Studio Solution File, Format Version 12.00
# Visual Studio 15
VisualStudioVersion = 15.0.28010.2050
MinimumVisualStudioVersion = 10.0.40219.1
Project("{8BC9CEB8-8B4A-11D0-8D11-00A0C91BC942}") = "pod_publish", "pod_publish.vcxproj", "{AE36DAA8-5840-4BE3-9C41-30480882C793}"
EndProject
Project("{8BC9CEB8-8B4A-11D0-8D11-00A0C91BC942}") = "pod_setup", "pod_setup.vcxproj", "{A5FEC057-6980-4E61-A86A-12A4942F06EA}"
EndProject
Project("{8BC9CEB8-8B4A-11D0-8D11-00A0C91BC942}") = "pod_core", "pod_core.vcxproj", "{AD8D57A0-7658-48D7-B5F0-279F688D6ECE}"
EndProject
Project("{2150E333-8FDC-42A3-9474-1A3956D46DE8}") = "Solution Items", "Solution Items", "{C4492B5C-22EE-49C4-AEA3-C29455E522A4}"
	ProjectSection(SolutionItems) = preProject
		.gitignore = .gitignore
		LICENSE = LICENSE
		README.md = README.md
	EndProjectSection
EndProject
Project("{8BC9CEB8-8B4A-11D0-8D11-00A0C91BC942}") = "pod_dummy", "pod_dummy.vcxproj", "{F1BB4665-60E3-48F5-A9E6-BED17C0D36E2}"
EndProject
Global
	GlobalSection(SolutionConfigurationPlatforms) = preSolution
		Debug|x64 = Debug|x64
		Release|x64 = Release|x64
	EndGlobalSection
	GlobalSection(ProjectConfigurationPlatforms) = postSolution
		{AE36DAA8-5840-4BE3-9C41-30480882C793}.Debug|x64.ActiveCfg = Debug|x64
		{AE36DAA8-5840-4BE3-9C41-30480882C793}.Debug|x64.Build.0 = Debug|x64
		{AE36DAA8-5840-4BE3-9C41-30480882C793}.Release|x64.ActiveCfg = Release|x64
		{AE36DAA8-5840-4BE3-9C41-30480882C793}.Release|x64.Build.0 = Release|x64
		{A5FEC057-6980-4E61-A86A-12A4942F06EA}.Debug|x64.ActiveCfg = Debug|x64
		{A5FEC057-6980-4E61-A86A-12A4942F06EA}.Debug|x64.Build.0 = Debug|x64
		{A5FEC057-6980-4E61-A86A-12A4942F06EA}.Release|x64.ActiveCfg = Release|x64
		{A5FEC057-6980-4E61-A86A-12A4942F06EA}.Release|x64.Build.0 = Release|x64
		{AD8D57A0-7658-48D7-B5F0-279F688D6ECE}.Debug|x64.ActiveCfg = Debug|x64
		{AD8D57A0-7658-48D7-B5F0-279F688D6ECE}.Debug|x64.Build.0 = Debug|x64
		{AD8D57A0-7658-48D7-B5F0-279F688D6ECE}.Release|x64.ActiveCfg = Release|x64
		{AD8D57A0-7658-48D7-B5F0-279F688D6ECE}.Release|x64.Build.0 = Release|x64
		{F1BB4665-60E3-48F5-A9E6-BED17C0D36E2}.Debug|x64.ActiveCfg = Debug|x64
		{F1BB4665-60E3-48F5-A9E6-BED17C0D36E2}.Debug|x64.Build.0 = Debug|x64
		{F1BB4665-60E3-48F5-A9E6-BED17C0D36E2}.Release|x64.ActiveCfg = Release|x64
		{F1BB4665-60E3-48F5-A9E6-BED17C0D36E2}.Release|x64.Build.0 = Release|x64
	EndGlobalSection
	GlobalSection(SolutionProperties) = preSolution
		HideSolutionNode = FALSE
	EndGlobalSection
	GlobalSection(ExtensibilityGlobals) = postSolution
		SolutionGuid = {E248394B-45B7-4A49-A3B0-F9E7ACF185FE}
	EndGlobalSection
EndGlobal
