<?xml version="1.0" encoding="utf-8"?>
<Project ToolsVersion="4.0" xmlns="http://schemas.microsoft.com/developer/msbuild/2003">
  <ItemGroup>
    <Filter Include="Resource Files">
      <UniqueIdentifier>{67DA6AB6-F800-4c08-8B7A-83BB121AAD01}</UniqueIdentifier>
      <Extensions>rc;ico;cur;bmp;dlg;rc2;rct;bin;rgs;gif;jpg;jpeg;jpe;resx;tiff;tif;png;wav;mfcribbon-ms</Extensions>
    </Filter>
    <Filter Include="public">
      <UniqueIdentifier>{b4c3fce3-0f94-45d5-9de8-3df8bcfa1ade}</UniqueIdentifier>
    </Filter>
    <Filter Include="local">
      <UniqueIdentifier>{c642617c-6caf-4fe6-a815-5e04f67a12de}</UniqueIdentifier>
    </Filter>
    <Filter Include="local\table_otvrfq">
      <UniqueIdentifier>{03f8c434-dc86-437c-bcc3-c263a91f1453}</UniqueIdentifier>
    </Filter>
    <Filter Include="local\table_vrfq">
      <UniqueIdentifier>{442344d4-7977-4d71-9725-7c3bee1dc0a7}</UniqueIdentifier>
    </Filter>
    <Filter Include="capi">
      <UniqueIdentifier>{00526257-6438-48d8-bfec-63210254558b}</UniqueIdentifier>
    </Filter>
    <Filter Include="thirdparty">
      <UniqueIdentifier>{4ce48b25-a6b8-4e45-9ccd-a73fa59314f3}</UniqueIdentifier>
    </Filter>
    <Filter Include="thirdparty\mcl">
      <UniqueIdentifier>{8b24cd58-dc7b-4fa6-a753-be4c4008a777}</UniqueIdentifier>
    </Filter>
    <Filter Include="thirdparty\mcl\include">
      <UniqueIdentifier>{41b30b0c-1282-42f2-9b32-af1372c783b7}</UniqueIdentifier>
    </Filter>
    <Filter Include="thirdparty\mcl\include\cybozu">
      <UniqueIdentifier>{f3378cc1-33c2-4194-aa5e-71d46a36c648}</UniqueIdentifier>
    </Filter>
    <Filter Include="thirdparty\mcl\include\mcl">
      <UniqueIdentifier>{05e30be5-3541-4681-9b73-59b2fc219638}</UniqueIdentifier>
    </Filter>
    <Filter Include="capi\table_batch">
      <UniqueIdentifier>{2863110e-7e16-4f3a-9f91-41b545f36abb}</UniqueIdentifier>
    </Filter>
    <Filter Include="capi\table_batch2">
      <UniqueIdentifier>{04c3b53d-5fe9-49eb-99c9-f55fc9c2333a}</UniqueIdentifier>
    </Filter>
    <Filter Include="capi\table_batch3">
      <UniqueIdentifier>{4f045dfa-c944-43ff-a1eb-293486d761e2}</UniqueIdentifier>
    </Filter>
    <Filter Include="capi\table_otbatch">
      <UniqueIdentifier>{fb88a6e7-c9bc-4b2f-ab62-1121a24e486a}</UniqueIdentifier>
    </Filter>
    <Filter Include="capi\table_vrfq">
      <UniqueIdentifier>{43af255e-80bf-4348-9913-26f7bf313c57}</UniqueIdentifier>
    </Filter>
    <Filter Include="capi\table_otvrfq">
      <UniqueIdentifier>{d7f8ed9d-b826-4174-bcaf-91c9572143e6}</UniqueIdentifier>
    </Filter>
    <Filter Include="capi\plain_batch3">
      <UniqueIdentifier>{dff72875-e10b-4dde-8113-b400b266c456}</UniqueIdentifier>
    </Filter>
    <Filter Include="capi\table_otbatch3">
      <UniqueIdentifier>{07eb92a8-56be-43cb-86f6-be649b4781e4}</UniqueIdentifier>
    </Filter>
    <Filter Include="capi\plain_otbatch3">
      <UniqueIdentifier>{0d7d869f-e2be-48f3-9bdb-3da0f3b4d735}</UniqueIdentifier>
    </Filter>
    <Filter Include="local\otbatch3">
      <UniqueIdentifier>{5ef52ea9-d45c-4770-93f8-ce6cbe8aba74}</UniqueIdentifier>
    </Filter>
    <Filter Include="local\batch3">
      <UniqueIdentifier>{34c5a55c-d1c8-482c-b45e-708dc7e7580c}</UniqueIdentifier>
    </Filter>
    <Filter Include="local\batch">
      <UniqueIdentifier>{5e192798-9057-4405-9711-2fc819fd7b9a}</UniqueIdentifier>
    </Filter>
    <Filter Include="local\otbatch">
      <UniqueIdentifier>{967123c2-2702-42fc-aa5a-ed8e0b2c1b8d}</UniqueIdentifier>
    </Filter>
    <Filter Include="local\batch2">
      <UniqueIdentifier>{a74efd45-7646-48ed-b203-26f58c259d8c}</UniqueIdentifier>
    </Filter>
    <Filter Include="capi\plain_batch">
      <UniqueIdentifier>{4c458a6e-35cf-46ed-8d61-ef4484368375}</UniqueIdentifier>
    </Filter>
    <Filter Include="capi\plain_otbatch">
      <UniqueIdentifier>{83849e32-2756-4770-b1d6-e0a4ca36c343}</UniqueIdentifier>
    </Filter>
    <Filter Include="capi\plain_batch2">
      <UniqueIdentifier>{7f7c7bed-6707-4390-9bdd-9a464a17601b}</UniqueIdentifier>
    </Filter>
  </ItemGroup>
  <ItemGroup>
    <ClCompile Include="pod_core\main.cc">
      <Filter>local</Filter>
    </ClCompile>
    <ClCompile Include="pod_core\scheme_plain_a.cc">
      <Filter>local</Filter>
    </ClCompile>
    <ClCompile Include="pod_core\scheme_plain_b.cc">
      <Filter>local</Filter>
    </ClCompile>
    <ClCompile Include="pod_core\scheme_table_a.cc">
      <Filter>local</Filter>
    </ClCompile>
    <ClCompile Include="pod_core\scheme_table_b.cc">
      <Filter>local</Filter>
    </ClCompile>
    <ClCompile Include="pod_core\scheme_table_otvrfq_client.cc">
      <Filter>local\table_otvrfq</Filter>
    </ClCompile>
    <ClCompile Include="pod_core\scheme_table_otvrfq_session.cc">
      <Filter>local\table_otvrfq</Filter>
    </ClCompile>
    <ClCompile Include="pod_core\scheme_table_otvrfq_test.cc">
      <Filter>local\table_otvrfq</Filter>
    </ClCompile>
    <ClCompile Include="pod_core\scheme_table_vrfq_client.cc">
      <Filter>local\table_vrfq</Filter>
    </ClCompile>
    <ClCompile Include="pod_core\scheme_table_vrfq_session.cc">
      <Filter>local\table_vrfq</Filter>
    </ClCompile>
    <ClCompile Include="pod_core\scheme_table_vrfq_test.cc">
      <Filter>local\table_vrfq</Filter>
    </ClCompile>
    <ClCompile Include="public\bulletin_plain.cc">
      <Filter>public</Filter>
    </ClCompile>
    <ClCompile Include="public\bulletin_table.cc">
      <Filter>public</Filter>
    </ClCompile>
    <ClCompile Include="public\ecc.cc">
      <Filter>public</Filter>
    </ClCompile>
    <ClCompile Include="public\fp.cc">
      <Filter>public</Filter>
    </ClCompile>
    <ClCompile Include="public\mkl_tree.cc">
      <Filter>public</Filter>
    </ClCompile>
    <ClCompile Include="public\scheme_misc.cc">
      <Filter>public</Filter>
    </ClCompile>
    <ClCompile Include="public\scheme_plain.cc">
      <Filter>public</Filter>
    </ClCompile>
    <ClCompile Include="public\scheme_table.cc">
      <Filter>public</Filter>
    </ClCompile>
    <ClCompile Include="public\vrf_meta.cc">
      <Filter>public</Filter>
    </ClCompile>
    <ClCompile Include="pod_core\capi\c_api.cc">
      <Filter>capi</Filter>
    </ClCompile>
    <ClCompile Include="pod_core\capi\c_api_plain.cc">
      <Filter>capi</Filter>
    </ClCompile>
    <ClCompile Include="pod_core\capi\c_api_table.cc">
      <Filter>capi</Filter>
    </ClCompile>
    <ClCompile Include="public\scheme_error.cc">
      <Filter>public</Filter>
    </ClCompile>
    <ClCompile Include="pod_core\capi\scheme_table_batch_test_capi.cc">
      <Filter>capi\table_batch</Filter>
    </ClCompile>
    <ClCompile Include="pod_core\capi\scheme_table_batch2_test_capi.cc">
      <Filter>capi\table_batch2</Filter>
    </ClCompile>
    <ClCompile Include="pod_core\capi\scheme_table_batch3_test_capi.cc">
      <Filter>capi\table_batch3</Filter>
    </ClCompile>
    <ClCompile Include="pod_core\capi\scheme_table_otbatch_test_capi.cc">
      <Filter>capi\table_otbatch</Filter>
    </ClCompile>
    <ClCompile Include="pod_core\capi\scheme_table_otvrfq_test_capi.cc">
      <Filter>capi\table_vrfq</Filter>
    </ClCompile>
    <ClCompile Include="pod_core\capi\scheme_table_vrfq_test_capi.cc">
      <Filter>capi\table_otvrfq</Filter>
    </ClCompile>
    <ClCompile Include="pod_core\scheme_table_vrfq_notary.cc">
      <Filter>local\table_vrfq</Filter>
    </ClCompile>
    <ClCompile Include="pod_core\scheme_table_otvrfq_notary.cc">
      <Filter>local\table_otvrfq</Filter>
    </ClCompile>
    <ClCompile Include="pod_core\capi\scheme_plain_batch3_test_capi.cc">
      <Filter>capi\plain_batch3</Filter>
    </ClCompile>
    <ClCompile Include="pod_core\capi\scheme_table_otbatch3_test_capi.cc">
      <Filter>capi\table_otbatch3</Filter>
    </ClCompile>
    <ClCompile Include="pod_core\capi\scheme_plain_otbatch3_test_capi.cc">
      <Filter>capi\plain_otbatch3</Filter>
    </ClCompile>
    <ClCompile Include="pod_core\scheme_otbatch3_misc.cc">
      <Filter>local\otbatch3</Filter>
    </ClCompile>
    <ClCompile Include="pod_core\scheme_otbatch3_test.cc">
      <Filter>local\otbatch3</Filter>
    </ClCompile>
    <ClCompile Include="pod_core\scheme_batch3_misc.cc">
      <Filter>local\batch3</Filter>
    </ClCompile>
    <ClCompile Include="pod_core\scheme_batch3_test.cc">
      <Filter>local\batch3</Filter>
    </ClCompile>
    <ClCompile Include="pod_core\scheme_batch_test.cc">
      <Filter>local\batch</Filter>
    </ClCompile>
    <ClCompile Include="pod_core\scheme_otbatch_test.cc">
      <Filter>local\otbatch</Filter>
    </ClCompile>
    <ClCompile Include="pod_core\scheme_batch2_notary.cc">
      <Filter>local\batch2</Filter>
    </ClCompile>
    <ClCompile Include="pod_core\scheme_batch2_test.cc">
      <Filter>local\batch2</Filter>
    </ClCompile>
    <ClCompile Include="pod_core\capi\scheme_plain_batch_test_capi.cc">
      <Filter>capi\plain_batch</Filter>
    </ClCompile>
    <ClCompile Include="pod_core\capi\scheme_plain_batch2_test_capi.cc">
      <Filter>capi\plain_batch2</Filter>
    </ClCompile>
    <ClCompile Include="pod_core\capi\scheme_plain_otbatch_test_capi.cc">
      <Filter>capi\plain_otbatch</Filter>
    </ClCompile>
  </ItemGroup>
  <ItemGroup>
    <ClInclude Include="thirdparty\mcl\include\mcl\aggregate_sig.hpp">
      <Filter>thirdparty\mcl\include\mcl</Filter>
    </ClInclude>
    <ClInclude Include="thirdparty\mcl\include\mcl\ahe.hpp">
      <Filter>thirdparty\mcl\include\mcl</Filter>
    </ClInclude>
    <ClInclude Include="thirdparty\mcl\include\mcl\array.hpp">
      <Filter>thirdparty\mcl\include\mcl</Filter>
    </ClInclude>
    <ClInclude Include="thirdparty\mcl\include\mcl\bls12_381.hpp">
      <Filter>thirdparty\mcl\include\mcl</Filter>
    </ClInclude>
    <ClInclude Include="thirdparty\mcl\include\mcl\bn.h">
      <Filter>thirdparty\mcl\include\mcl</Filter>
    </ClInclude>
    <ClInclude Include="thirdparty\mcl\include\mcl\bn.hpp">
      <Filter>thirdparty\mcl\include\mcl</Filter>
    </ClInclude>
    <ClInclude Include="thirdparty\mcl\include\mcl\bn256.hpp">
      <Filter>thirdparty\mcl\include\mcl</Filter>
    </ClInclude>
    <ClInclude Include="thirdparty\mcl\include\mcl\bn384.hpp">
      <Filter>thirdparty\mcl\include\mcl</Filter>
    </ClInclude>
    <ClInclude Include="thirdparty\mcl\include\mcl\bn512.hpp">
      <Filter>thirdparty\mcl\include\mcl</Filter>
    </ClInclude>
    <ClInclude Include="thirdparty\mcl\include\mcl\conversion.hpp">
      <Filter>thirdparty\mcl\include\mcl</Filter>
    </ClInclude>
    <ClInclude Include="thirdparty\mcl\include\mcl\curve_type.h">
      <Filter>thirdparty\mcl\include\mcl</Filter>
    </ClInclude>
    <ClInclude Include="thirdparty\mcl\include\mcl\ec.hpp">
      <Filter>thirdparty\mcl\include\mcl</Filter>
    </ClInclude>
    <ClInclude Include="thirdparty\mcl\include\mcl\ecdsa.h">
      <Filter>thirdparty\mcl\include\mcl</Filter>
    </ClInclude>
    <ClInclude Include="thirdparty\mcl\include\mcl\ecdsa.hpp">
      <Filter>thirdparty\mcl\include\mcl</Filter>
    </ClInclude>
    <ClInclude Include="thirdparty\mcl\include\mcl\ecparam.hpp">
      <Filter>thirdparty\mcl\include\mcl</Filter>
    </ClInclude>
    <ClInclude Include="thirdparty\mcl\include\mcl\elgamal.hpp">
      <Filter>thirdparty\mcl\include\mcl</Filter>
    </ClInclude>
    <ClInclude Include="thirdparty\mcl\include\mcl\fp.hpp">
      <Filter>thirdparty\mcl\include\mcl</Filter>
    </ClInclude>
    <ClInclude Include="thirdparty\mcl\include\mcl\fp_tower.hpp">
      <Filter>thirdparty\mcl\include\mcl</Filter>
    </ClInclude>
    <ClInclude Include="thirdparty\mcl\include\mcl\gmp_util.hpp">
      <Filter>thirdparty\mcl\include\mcl</Filter>
    </ClInclude>
    <ClInclude Include="thirdparty\mcl\include\mcl\lagrange.hpp">
      <Filter>thirdparty\mcl\include\mcl</Filter>
    </ClInclude>
    <ClInclude Include="thirdparty\mcl\include\mcl\op.hpp">
      <Filter>thirdparty\mcl\include\mcl</Filter>
    </ClInclude>
    <ClInclude Include="thirdparty\mcl\include\mcl\operator.hpp">
      <Filter>thirdparty\mcl\include\mcl</Filter>
    </ClInclude>
    <ClInclude Include="thirdparty\mcl\include\mcl\paillier.hpp">
      <Filter>thirdparty\mcl\include\mcl</Filter>
    </ClInclude>
    <ClInclude Include="thirdparty\mcl\include\mcl\randgen.hpp">
      <Filter>thirdparty\mcl\include\mcl</Filter>
    </ClInclude>
    <ClInclude Include="thirdparty\mcl\include\mcl\she.h">
      <Filter>thirdparty\mcl\include\mcl</Filter>
    </ClInclude>
    <ClInclude Include="thirdparty\mcl\include\mcl\she.hpp">
      <Filter>thirdparty\mcl\include\mcl</Filter>
    </ClInclude>
    <ClInclude Include="thirdparty\mcl\include\mcl\util.hpp">
      <Filter>thirdparty\mcl\include\mcl</Filter>
    </ClInclude>
    <ClInclude Include="thirdparty\mcl\include\mcl\vint.hpp">
      <Filter>thirdparty\mcl\include\mcl</Filter>
    </ClInclude>
    <ClInclude Include="thirdparty\mcl\include\mcl\window_method.hpp">
      <Filter>thirdparty\mcl\include\mcl</Filter>
    </ClInclude>
    <ClInclude Include="thirdparty\mcl\include\cybozu\array.hpp">
      <Filter>thirdparty\mcl\include\cybozu</Filter>
    </ClInclude>
    <ClInclude Include="thirdparty\mcl\include\cybozu\atoi.hpp">
      <Filter>thirdparty\mcl\include\cybozu</Filter>
    </ClInclude>
    <ClInclude Include="thirdparty\mcl\include\cybozu\benchmark.hpp">
      <Filter>thirdparty\mcl\include\cybozu</Filter>
    </ClInclude>
    <ClInclude Include="thirdparty\mcl\include\cybozu\bit_operation.hpp">
      <Filter>thirdparty\mcl\include\cybozu</Filter>
    </ClInclude>
    <ClInclude Include="thirdparty\mcl\include\cybozu\critical_section.hpp">
      <Filter>thirdparty\mcl\include\cybozu</Filter>
    </ClInclude>
    <ClInclude Include="thirdparty\mcl\include\cybozu\crypto.hpp">
      <Filter>thirdparty\mcl\include\cybozu</Filter>
    </ClInclude>
    <ClInclude Include="thirdparty\mcl\include\cybozu\endian.hpp">
      <Filter>thirdparty\mcl\include\cybozu</Filter>
    </ClInclude>
    <ClInclude Include="thirdparty\mcl\include\cybozu\exception.hpp">
      <Filter>thirdparty\mcl\include\cybozu</Filter>
    </ClInclude>
    <ClInclude Include="thirdparty\mcl\include\cybozu\hash.hpp">
      <Filter>thirdparty\mcl\include\cybozu</Filter>
    </ClInclude>
    <ClInclude Include="thirdparty\mcl\include\cybozu\inttype.hpp">
      <Filter>thirdparty\mcl\include\cybozu</Filter>
    </ClInclude>
    <ClInclude Include="thirdparty\mcl\include\cybozu\itoa.hpp">
      <Filter>thirdparty\mcl\include\cybozu</Filter>
    </ClInclude>
    <ClInclude Include="thirdparty\mcl\include\cybozu\link_libeay32.hpp">
      <Filter>thirdparty\mcl\include\cybozu</Filter>
    </ClInclude>
    <ClInclude Include="thirdparty\mcl\include\cybozu\link_mpir.hpp">
      <Filter>thirdparty\mcl\include\cybozu</Filter>
    </ClInclude>
    <ClInclude Include="thirdparty\mcl\include\cybozu\link_ssleay32.hpp">
      <Filter>thirdparty\mcl\include\cybozu</Filter>
    </ClInclude>
    <ClInclude Include="thirdparty\mcl\include\cybozu\mutex.hpp">
      <Filter>thirdparty\mcl\include\cybozu</Filter>
    </ClInclude>
    <ClInclude Include="thirdparty\mcl\include\cybozu\option.hpp">
      <Filter>thirdparty\mcl\include\cybozu</Filter>
    </ClInclude>
    <ClInclude Include="thirdparty\mcl\include\cybozu\random_generator.hpp">
      <Filter>thirdparty\mcl\include\cybozu</Filter>
    </ClInclude>
    <ClInclude Include="thirdparty\mcl\include\cybozu\serializer.hpp">
      <Filter>thirdparty\mcl\include\cybozu</Filter>
    </ClInclude>
    <ClInclude Include="thirdparty\mcl\include\cybozu\sha2.hpp">
      <Filter>thirdparty\mcl\include\cybozu</Filter>
    </ClInclude>
    <ClInclude Include="thirdparty\mcl\include\cybozu\stream.hpp">
      <Filter>thirdparty\mcl\include\cybozu</Filter>
    </ClInclude>
    <ClInclude Include="thirdparty\mcl\include\cybozu\test.hpp">
      <Filter>thirdparty\mcl\include\cybozu</Filter>
    </ClInclude>
    <ClInclude Include="thirdparty\mcl\include\cybozu\unordered_map.hpp">
      <Filter>thirdparty\mcl\include\cybozu</Filter>
    </ClInclude>
    <ClInclude Include="thirdparty\mcl\include\cybozu\xorshift.hpp">
      <Filter>thirdparty\mcl\include\cybozu</Filter>
    </ClInclude>
    <ClInclude Include="pod_core\scheme_plain_a.h">
      <Filter>local</Filter>
    </ClInclude>
    <ClInclude Include="pod_core\scheme_plain_b.h">
      <Filter>local</Filter>
    </ClInclude>
    <ClInclude Include="pod_core\scheme_table_a.h">
      <Filter>local</Filter>
    </ClInclude>
    <ClInclude Include="pod_core\scheme_table_b.h">
      <Filter>local</Filter>
    </ClInclude>
    <ClInclude Include="pod_core\scheme_table_otvrfq_client.h">
      <Filter>local\table_otvrfq</Filter>
    </ClInclude>
    <ClInclude Include="pod_core\scheme_table_otvrfq_session.h">
      <Filter>local\table_otvrfq</Filter>
    </ClInclude>
    <ClInclude Include="pod_core\scheme_table_otvrfq_test.h">
      <Filter>local\table_otvrfq</Filter>
    </ClInclude>
    <ClInclude Include="pod_core\scheme_table_vrfq_client.h">
      <Filter>local\table_vrfq</Filter>
    </ClInclude>
    <ClInclude Include="pod_core\scheme_table_vrfq_session.h">
      <Filter>local\table_vrfq</Filter>
    </ClInclude>
    <ClInclude Include="pod_core\scheme_table_vrfq_test.h">
      <Filter>local\table_vrfq</Filter>
    </ClInclude>
    <ClInclude Include="public\basic_types.h">
      <Filter>public</Filter>
    </ClInclude>
    <ClInclude Include="public\bp.h">
      <Filter>public</Filter>
    </ClInclude>
    <ClInclude Include="public\bulletin_plain.h">
      <Filter>public</Filter>
    </ClInclude>
    <ClInclude Include="public\bulletin_table.h">
      <Filter>public</Filter>
    </ClInclude>
    <ClInclude Include="public\chain.h">
      <Filter>public</Filter>
    </ClInclude>
    <ClInclude Include="public\ecc.h">
      <Filter>public</Filter>
    </ClInclude>
    <ClInclude Include="public\ecc_pub.h">
      <Filter>public</Filter>
    </ClInclude>
    <ClInclude Include="public\misc.h">
      <Filter>public</Filter>
    </ClInclude>
    <ClInclude Include="public\mkl_tree.h">
      <Filter>public</Filter>
    </ClInclude>
    <ClInclude Include="public\mpz.h">
      <Filter>public</Filter>
    </ClInclude>
    <ClInclude Include="public\msvc_hack.h">
      <Filter>public</Filter>
    </ClInclude>
    <ClInclude Include="public\multiexp.h">
      <Filter>public</Filter>
    </ClInclude>
    <ClInclude Include="public\public.h">
      <Filter>public</Filter>
    </ClInclude>
    <ClInclude Include="public\scheme_misc.h">
      <Filter>public</Filter>
    </ClInclude>
    <ClInclude Include="public\scheme_plain.h">
      <Filter>public</Filter>
    </ClInclude>
    <ClInclude Include="public\scheme_table.h">
      <Filter>public</Filter>
    </ClInclude>
    <ClInclude Include="public\schnorr.h">
      <Filter>public</Filter>
    </ClInclude>
    <ClInclude Include="public\tick.h">
      <Filter>public</Filter>
    </ClInclude>
    <ClInclude Include="public\vrf.h">
      <Filter>public</Filter>
    </ClInclude>
    <ClInclude Include="public\vrf_meta.h">
      <Filter>public</Filter>
    </ClInclude>
    <ClInclude Include="pod_core\basic_types_serialize.h">
      <Filter>local</Filter>
    </ClInclude>
    <ClInclude Include="pod_core\capi\c_api.h">
      <Filter>capi</Filter>
    </ClInclude>
    <ClInclude Include="pod_core\capi\c_api_plain.h">
      <Filter>capi</Filter>
    </ClInclude>
    <ClInclude Include="pod_core\capi\c_api_table.h">
      <Filter>capi</Filter>
    </ClInclude>
    <ClInclude Include="pod_core\capi\c_api_types.h">
      <Filter>capi</Filter>
    </ClInclude>
    <ClInclude Include="public\scheme_error.h">
      <Filter>public</Filter>
    </ClInclude>
    <ClInclude Include="public\matrix_fr.h">
      <Filter>public</Filter>
    </ClInclude>
    <ClInclude Include="pod_core\matrix_fr_serialize.h">
      <Filter>local</Filter>
    </ClInclude>
    <ClInclude Include="pod_core\capi\scheme_table_batch_test_capi.h">
      <Filter>capi\table_batch</Filter>
    </ClInclude>
    <ClInclude Include="pod_core\capi\scheme_table_batch2_test_capi.h">
      <Filter>capi\table_batch2</Filter>
    </ClInclude>
    <ClInclude Include="pod_core\capi\scheme_table_batch3_test_capi.h">
      <Filter>capi\table_batch3</Filter>
    </ClInclude>
    <ClInclude Include="pod_core\capi\scheme_table_otbatch_test_capi.h">
      <Filter>capi\table_otbatch</Filter>
    </ClInclude>
    <ClInclude Include="pod_core\capi\scheme_table_otvrfq_test_capi.h">
      <Filter>capi\table_vrfq</Filter>
    </ClInclude>
    <ClInclude Include="pod_core\capi\scheme_table_vrfq_test_capi.h">
      <Filter>capi\table_otvrfq</Filter>
    </ClInclude>
    <ClInclude Include="pod_core\scheme_table_vrfq_notary.h">
      <Filter>local\table_vrfq</Filter>
    </ClInclude>
    <ClInclude Include="pod_core\scheme_table_otvrfq_notary.h">
      <Filter>local\table_otvrfq</Filter>
    </ClInclude>
    <ClInclude Include="pod_core\scheme_table_otvrfq_protocol.h">
      <Filter>local\table_otvrfq</Filter>
    </ClInclude>
    <ClInclude Include="pod_core\scheme_table_vrfq_protocol.h">
      <Filter>local\table_vrfq</Filter>
    </ClInclude>
    <ClInclude Include="pod_core\scheme_table_vrfq_serialize.h">
      <Filter>local\table_vrfq</Filter>
    </ClInclude>
    <ClInclude Include="pod_core\scheme_table_otvrfq_serialize.h">
      <Filter>local\table_otvrfq</Filter>
    </ClInclude>
    <ClInclude Include="pod_core\capi\scheme_plain_batch3_test_capi.h">
      <Filter>capi\plain_batch3</Filter>
    </ClInclude>
    <ClInclude Include="public\omp_helper.h">
      <Filter>public</Filter>
    </ClInclude>
    <ClInclude Include="pod_core\capi\scheme_table_otbatch3_test_capi.h">
      <Filter>capi\table_otbatch3</Filter>
    </ClInclude>
    <ClInclude Include="pod_core\capi\scheme_plain_otbatch3_test_capi.h">
      <Filter>capi\plain_otbatch3</Filter>
    </ClInclude>
    <ClInclude Include="pod_core\scheme_otbatch3_client.h">
      <Filter>local\otbatch3</Filter>
    </ClInclude>
    <ClInclude Include="pod_core\scheme_otbatch3_misc.h">
      <Filter>local\otbatch3</Filter>
    </ClInclude>
    <ClInclude Include="pod_core\scheme_otbatch3_notary.h">
      <Filter>local\otbatch3</Filter>
    </ClInclude>
    <ClInclude Include="pod_core\scheme_otbatch3_protocol.h">
      <Filter>local\otbatch3</Filter>
    </ClInclude>
    <ClInclude Include="pod_core\scheme_otbatch3_serialize.h">
      <Filter>local\otbatch3</Filter>
    </ClInclude>
    <ClInclude Include="pod_core\scheme_otbatch3_session.h">
      <Filter>local\otbatch3</Filter>
    </ClInclude>
    <ClInclude Include="pod_core\scheme_otbatch3_test.h">
      <Filter>local\otbatch3</Filter>
    </ClInclude>
    <ClInclude Include="pod_core\scheme_otbatch3_client.inc">
      <Filter>local\otbatch3</Filter>
    </ClInclude>
    <ClInclude Include="pod_core\scheme_otbatch3_session.inc">
      <Filter>local\otbatch3</Filter>
    </ClInclude>
    <ClInclude Include="pod_core\capi\c_api_object.h">
      <Filter>capi</Filter>
    </ClInclude>
    <ClInclude Include="pod_core\scheme_batch3_client.h">
      <Filter>local\batch3</Filter>
    </ClInclude>
    <ClInclude Include="pod_core\scheme_batch3_misc.h">
      <Filter>local\batch3</Filter>
    </ClInclude>
    <ClInclude Include="pod_core\scheme_batch3_notary.h">
      <Filter>local\batch3</Filter>
    </ClInclude>
    <ClInclude Include="pod_core\scheme_batch3_protocol.h">
      <Filter>local\batch3</Filter>
    </ClInclude>
    <ClInclude Include="pod_core\scheme_batch3_serialize.h">
      <Filter>local\batch3</Filter>
    </ClInclude>
    <ClInclude Include="pod_core\scheme_batch3_session.h">
      <Filter>local\batch3</Filter>
    </ClInclude>
    <ClInclude Include="pod_core\scheme_batch3_test.h">
      <Filter>local\batch3</Filter>
    </ClInclude>
    <ClInclude Include="pod_core\scheme_batch3_session.inc">
      <Filter>local\batch3</Filter>
    </ClInclude>
    <ClInclude Include="pod_core\scheme_batch3_client.inc">
      <Filter>local\batch3</Filter>
    </ClInclude>
    <ClInclude Include="pod_core\scheme_batch_client.h">
      <Filter>local\batch</Filter>
    </ClInclude>
    <ClInclude Include="pod_core\scheme_batch_notary.h">
      <Filter>local\batch</Filter>
    </ClInclude>
    <ClInclude Include="pod_core\scheme_batch_protocol.h">
      <Filter>local\batch</Filter>
    </ClInclude>
    <ClInclude Include="pod_core\scheme_batch_serialize.h">
      <Filter>local\batch</Filter>
    </ClInclude>
    <ClInclude Include="pod_core\scheme_batch_session.h">
      <Filter>local\batch</Filter>
    </ClInclude>
    <ClInclude Include="pod_core\scheme_batch_test.h">
      <Filter>local\batch</Filter>
    </ClInclude>
    <ClInclude Include="pod_core\scheme_batch_client.inc">
      <Filter>local\batch</Filter>
    </ClInclude>
    <ClInclude Include="pod_core\scheme_batch_session.inc">
      <Filter>local\batch</Filter>
    </ClInclude>
    <ClInclude Include="pod_core\scheme_otbatch_client.h">
      <Filter>local\otbatch</Filter>
    </ClInclude>
    <ClInclude Include="pod_core\scheme_otbatch_notary.h">
      <Filter>local\otbatch</Filter>
    </ClInclude>
    <ClInclude Include="pod_core\scheme_otbatch_protocol.h">
      <Filter>local\otbatch</Filter>
    </ClInclude>
    <ClInclude Include="pod_core\scheme_otbatch_serialize.h">
      <Filter>local\otbatch</Filter>
    </ClInclude>
    <ClInclude Include="pod_core\scheme_otbatch_session.h">
      <Filter>local\otbatch</Filter>
    </ClInclude>
    <ClInclude Include="pod_core\scheme_otbatch_test.h">
      <Filter>local\otbatch</Filter>
    </ClInclude>
    <ClInclude Include="pod_core\scheme_otbatch_client.inc">
      <Filter>local\otbatch</Filter>
    </ClInclude>
    <ClInclude Include="pod_core\scheme_otbatch_session.inc">
      <Filter>local\otbatch</Filter>
    </ClInclude>
    <ClInclude Include="pod_core\scheme_batch2_client.inc">
      <Filter>local\batch2</Filter>
    </ClInclude>
    <ClInclude Include="pod_core\scheme_batch2_client.h">
      <Filter>local\batch2</Filter>
    </ClInclude>
    <ClInclude Include="pod_core\scheme_batch2_notary.h">
      <Filter>local\batch2</Filter>
    </ClInclude>
    <ClInclude Include="pod_core\scheme_batch2_protocol.h">
      <Filter>local\batch2</Filter>
    </ClInclude>
    <ClInclude Include="pod_core\scheme_batch2_serialize.h">
      <Filter>local\batch2</Filter>
    </ClInclude>
    <ClInclude Include="pod_core\scheme_batch2_session.h">
      <Filter>local\batch2</Filter>
    </ClInclude>
    <ClInclude Include="pod_core\scheme_batch2_test.h">
      <Filter>local\batch2</Filter>
    </ClInclude>
    <ClInclude Include="pod_core\scheme_batch2_session.inc">
      <Filter>local\batch2</Filter>
    </ClInclude>
    <ClInclude Include="pod_core\capi\scheme_plain_batch_test_capi.h">
      <Filter>capi\plain_batch</Filter>
    </ClInclude>
    <ClInclude Include="pod_core\capi\scheme_plain_batch2_test_capi.h">
      <Filter>capi\plain_batch2</Filter>
    </ClInclude>
    <ClInclude Include="pod_core\capi\scheme_plain_otbatch_test_capi.h">
      <Filter>capi\plain_otbatch</Filter>
    </ClInclude>
    <ClInclude Include="public\func_alias.h">
      <Filter>public</Filter>
    </ClInclude>
  </ItemGroup>
  <ItemGroup>
    <None Include="pod_core\README.md" />
    <None Include="pod_core\Makefile" />
    <None Include="pod_core\Makefile.clang" />
  </ItemGroup>
  <ItemGroup>
    <Text Include="bak.txt" />
  </ItemGroup>
</Project>