<?xml version="1.0" encoding="utf-8"?>
<Project ToolsVersion="4.0" xmlns="http://schemas.microsoft.com/developer/msbuild/2003">
  <ItemGroup>
    <Filter Include="Resource Files">
      <UniqueIdentifier>{67DA6AB6-F800-4c08-8B7A-83BB121AAD01}</UniqueIdentifier>
      <Extensions>rc;ico;cur;bmp;dlg;rc2;rct;bin;rgs;gif;jpg;jpeg;jpe;resx;tiff;tif;png;wav;mfcribbon-ms</Extensions>
    </Filter>
    <Filter Include="public">
      <UniqueIdentifier>{11f954a5-36d5-4bef-a7e0-1cd654942a47}</UniqueIdentifier>
    </Filter>
    <Filter Include="thirdparty">
      <UniqueIdentifier>{32c0dcff-1cf3-47bb-9e14-344e84355572}</UniqueIdentifier>
    </Filter>
    <Filter Include="local">
      <UniqueIdentifier>{4FC737F1-C7A5-4376-A066-2A32D752A2FF}</UniqueIdentifier>
      <Extensions>cpp;c;cc;cxx;def;odl;idl;hpj;bat;asm;asmx</Extensions>
    </Filter>
    <Filter Include="thirdparty\mcl">
      <UniqueIdentifier>{8b24cd58-dc7b-4fa6-a753-be4c4008a777}</UniqueIdentifier>
    </Filter>
    <Filter Include="thirdparty\mcl\include">
      <UniqueIdentifier>{41b30b0c-1282-42f2-9b32-af1372c783b7}</UniqueIdentifier>
    </Filter>
    <Filter Include="thirdparty\mcl\include\cybozu">
      <UniqueIdentifier>{f3378cc1-33c2-4194-aa5e-71d46a36c648}</UniqueIdentifier>
    </Filter>
    <Filter Include="thirdparty\mcl\include\mcl">
      <UniqueIdentifier>{05e30be5-3541-4681-9b73-59b2fc219638}</UniqueIdentifier>
    </Filter>
  </ItemGroup>
  <ItemGroup>
    <ClCompile Include="pod_dummy\main.cc">
      <Filter>local</Filter>
    </ClCompile>
    <ClCompile Include="public\ecc.cc">
      <Filter>public</Filter>
    </ClCompile>
    <ClCompile Include="public\fp.cc">
      <Filter>public</Filter>
    </ClCompile>
  </ItemGroup>
  <ItemGroup>
    <ClInclude Include="thirdparty\mcl\include\mcl\aggregate_sig.hpp">
      <Filter>thirdparty\mcl\include\mcl</Filter>
    </ClInclude>
    <ClInclude Include="thirdparty\mcl\include\mcl\ahe.hpp">
      <Filter>thirdparty\mcl\include\mcl</Filter>
    </ClInclude>
    <ClInclude Include="thirdparty\mcl\include\mcl\array.hpp">
      <Filter>thirdparty\mcl\include\mcl</Filter>
    </ClInclude>
    <ClInclude Include="thirdparty\mcl\include\mcl\bls12_381.hpp">
      <Filter>thirdparty\mcl\include\mcl</Filter>
    </ClInclude>
    <ClInclude Include="thirdparty\mcl\include\mcl\bn.h">
      <Filter>thirdparty\mcl\include\mcl</Filter>
    </ClInclude>
    <ClInclude Include="thirdparty\mcl\include\mcl\bn.hpp">
      <Filter>thirdparty\mcl\include\mcl</Filter>
    </ClInclude>
    <ClInclude Include="thirdparty\mcl\include\mcl\bn256.hpp">
      <Filter>thirdparty\mcl\include\mcl</Filter>
    </ClInclude>
    <ClInclude Include="thirdparty\mcl\include\mcl\bn384.hpp">
      <Filter>thirdparty\mcl\include\mcl</Filter>
    </ClInclude>
    <ClInclude Include="thirdparty\mcl\include\mcl\bn512.hpp">
      <Filter>thirdparty\mcl\include\mcl</Filter>
    </ClInclude>
    <ClInclude Include="thirdparty\mcl\include\mcl\conversion.hpp">
      <Filter>thirdparty\mcl\include\mcl</Filter>
    </ClInclude>
    <ClInclude Include="thirdparty\mcl\include\mcl\curve_type.h">
      <Filter>thirdparty\mcl\include\mcl</Filter>
    </ClInclude>
    <ClInclude Include="thirdparty\mcl\include\mcl\ec.hpp">
      <Filter>thirdparty\mcl\include\mcl</Filter>
    </ClInclude>
    <ClInclude Include="thirdparty\mcl\include\mcl\ecdsa.h">
      <Filter>thirdparty\mcl\include\mcl</Filter>
    </ClInclude>
    <ClInclude Include="thirdparty\mcl\include\mcl\ecdsa.hpp">
      <Filter>thirdparty\mcl\include\mcl</Filter>
    </ClInclude>
    <ClInclude Include="thirdparty\mcl\include\mcl\ecparam.hpp">
      <Filter>thirdparty\mcl\include\mcl</Filter>
    </ClInclude>
    <ClInclude Include="thirdparty\mcl\include\mcl\elgamal.hpp">
      <Filter>thirdparty\mcl\include\mcl</Filter>
    </ClInclude>
    <ClInclude Include="thirdparty\mcl\include\mcl\fp.hpp">
      <Filter>thirdparty\mcl\include\mcl</Filter>
    </ClInclude>
    <ClInclude Include="thirdparty\mcl\include\mcl\fp_tower.hpp">
      <Filter>thirdparty\mcl\include\mcl</Filter>
    </ClInclude>
    <ClInclude Include="thirdparty\mcl\include\mcl\gmp_util.hpp">
      <Filter>thirdparty\mcl\include\mcl</Filter>
    </ClInclude>
    <ClInclude Include="thirdparty\mcl\include\mcl\lagrange.hpp">
      <Filter>thirdparty\mcl\include\mcl</Filter>
    </ClInclude>
    <ClInclude Include="thirdparty\mcl\include\mcl\op.hpp">
      <Filter>thirdparty\mcl\include\mcl</Filter>
    </ClInclude>
    <ClInclude Include="thirdparty\mcl\include\mcl\operator.hpp">
      <Filter>thirdparty\mcl\include\mcl</Filter>
    </ClInclude>
    <ClInclude Include="thirdparty\mcl\include\mcl\paillier.hpp">
      <Filter>thirdparty\mcl\include\mcl</Filter>
    </ClInclude>
    <ClInclude Include="thirdparty\mcl\include\mcl\randgen.hpp">
      <Filter>thirdparty\mcl\include\mcl</Filter>
    </ClInclude>
    <ClInclude Include="thirdparty\mcl\include\mcl\she.h">
      <Filter>thirdparty\mcl\include\mcl</Filter>
    </ClInclude>
    <ClInclude Include="thirdparty\mcl\include\mcl\she.hpp">
      <Filter>thirdparty\mcl\include\mcl</Filter>
    </ClInclude>
    <ClInclude Include="thirdparty\mcl\include\mcl\util.hpp">
      <Filter>thirdparty\mcl\include\mcl</Filter>
    </ClInclude>
    <ClInclude Include="thirdparty\mcl\include\mcl\vint.hpp">
      <Filter>thirdparty\mcl\include\mcl</Filter>
    </ClInclude>
    <ClInclude Include="thirdparty\mcl\include\mcl\window_method.hpp">
      <Filter>thirdparty\mcl\include\mcl</Filter>
    </ClInclude>
    <ClInclude Include="thirdparty\mcl\include\cybozu\array.hpp">
      <Filter>thirdparty\mcl\include\cybozu</Filter>
    </ClInclude>
    <ClInclude Include="thirdparty\mcl\include\cybozu\atoi.hpp">
      <Filter>thirdparty\mcl\include\cybozu</Filter>
    </ClInclude>
    <ClInclude Include="thirdparty\mcl\include\cybozu\benchmark.hpp">
      <Filter>thirdparty\mcl\include\cybozu</Filter>
    </ClInclude>
    <ClInclude Include="thirdparty\mcl\include\cybozu\bit_operation.hpp">
      <Filter>thirdparty\mcl\include\cybozu</Filter>
    </ClInclude>
    <ClInclude Include="thirdparty\mcl\include\cybozu\critical_section.hpp">
      <Filter>thirdparty\mcl\include\cybozu</Filter>
    </ClInclude>
    <ClInclude Include="thirdparty\mcl\include\cybozu\crypto.hpp">
      <Filter>thirdparty\mcl\include\cybozu</Filter>
    </ClInclude>
    <ClInclude Include="thirdparty\mcl\include\cybozu\endian.hpp">
      <Filter>thirdparty\mcl\include\cybozu</Filter>
    </ClInclude>
    <ClInclude Include="thirdparty\mcl\include\cybozu\exception.hpp">
      <Filter>thirdparty\mcl\include\cybozu</Filter>
    </ClInclude>
    <ClInclude Include="thirdparty\mcl\include\cybozu\hash.hpp">
      <Filter>thirdparty\mcl\include\cybozu</Filter>
    </ClInclude>
    <ClInclude Include="thirdparty\mcl\include\cybozu\inttype.hpp">
      <Filter>thirdparty\mcl\include\cybozu</Filter>
    </ClInclude>
    <ClInclude Include="thirdparty\mcl\include\cybozu\itoa.hpp">
      <Filter>thirdparty\mcl\include\cybozu</Filter>
    </ClInclude>
    <ClInclude Include="thirdparty\mcl\include\cybozu\link_libeay32.hpp">
      <Filter>thirdparty\mcl\include\cybozu</Filter>
    </ClInclude>
    <ClInclude Include="thirdparty\mcl\include\cybozu\link_mpir.hpp">
      <Filter>thirdparty\mcl\include\cybozu</Filter>
    </ClInclude>
    <ClInclude Include="thirdparty\mcl\include\cybozu\link_ssleay32.hpp">
      <Filter>thirdparty\mcl\include\cybozu</Filter>
    </ClInclude>
    <ClInclude Include="thirdparty\mcl\include\cybozu\mutex.hpp">
      <Filter>thirdparty\mcl\include\cybozu</Filter>
    </ClInclude>
    <ClInclude Include="thirdparty\mcl\include\cybozu\option.hpp">
      <Filter>thirdparty\mcl\include\cybozu</Filter>
    </ClInclude>
    <ClInclude Include="thirdparty\mcl\include\cybozu\random_generator.hpp">
      <Filter>thirdparty\mcl\include\cybozu</Filter>
    </ClInclude>
    <ClInclude Include="thirdparty\mcl\include\cybozu\serializer.hpp">
      <Filter>thirdparty\mcl\include\cybozu</Filter>
    </ClInclude>
    <ClInclude Include="thirdparty\mcl\include\cybozu\sha2.hpp">
      <Filter>thirdparty\mcl\include\cybozu</Filter>
    </ClInclude>
    <ClInclude Include="thirdparty\mcl\include\cybozu\stream.hpp">
      <Filter>thirdparty\mcl\include\cybozu</Filter>
    </ClInclude>
    <ClInclude Include="thirdparty\mcl\include\cybozu\test.hpp">
      <Filter>thirdparty\mcl\include\cybozu</Filter>
    </ClInclude>
    <ClInclude Include="thirdparty\mcl\include\cybozu\unordered_map.hpp">
      <Filter>thirdparty\mcl\include\cybozu</Filter>
    </ClInclude>
    <ClInclude Include="thirdparty\mcl\include\cybozu\xorshift.hpp">
      <Filter>thirdparty\mcl\include\cybozu</Filter>
    </ClInclude>
    <ClInclude Include="ecc.h">
      <Filter>public</Filter>
    </ClInclude>
    <ClInclude Include="msvc_hack.h">
      <Filter>public</Filter>
    </ClInclude>
    <ClInclude Include="tick.h">
      <Filter>public</Filter>
    </ClInclude>
    <ClInclude Include="public\ecc_pub.h">
      <Filter>public</Filter>
    </ClInclude>
  </ItemGroup>
  <ItemGroup>
    <None Include="pod_dummy\Makefile" />
    <None Include="pod_dummy\README.md" />
  </ItemGroup>
</Project>